
Microsoft Visual Studio Solution File, Format Version 12.00
# Visual Studio Version 16
VisualStudioVersion = 16.0.31529.145
MinimumVisualStudioVersion = 10.0.40219.1
Project("{FAE04EC0-301F-11D3-BF4B-00C04F79EFBC}") = "Banco", "Banco\Banco.csproj", "{A39CEC7A-C59D-4E78-B952-7579899586FC}"
EndProject
Global
	GlobalSection(SolutionConfigurationPlatforms) = preSolution
		Debug|Any CPU = Debug|Any CPU
		Release|Any CPU = Release|Any CPU
	EndGlobalSection
	GlobalSection(ProjectConfigurationPlatforms) = postSolution
		{A39CEC7A-C59D-4E78-B952-7579899586FC}.Debug|Any CPU.ActiveCfg = Debug|Any CPU
		{A39CEC7A-C59D-4E78-B952-7579899586FC}.Debug|Any CPU.Build.0 = Debug|Any CPU
		{A39CEC7A-C59D-4E78-B952-7579899586FC}.Release|Any CPU.ActiveCfg = Release|Any CPU
		{A39CEC7A-C59D-4E78-B952-7579899586FC}.Release|Any CPU.Build.0 = Release|Any CPU
	EndGlobalSection
	GlobalSection(SolutionProperties) = preSolution
		HideSolutionNode = FALSE
	EndGlobalSection
	GlobalSection(ExtensibilityGlobals) = postSolution
		SolutionGuid = {BBE69EB3-5FB1-425A-9667-086134DCE1DD}
	EndGlobalSection
EndGlobal
